
Microsoft Visual Studio Solution File, Format Version 12.00
# Visual Studio Version 16
VisualStudioVersion = 16.0.30225.117
MinimumVisualStudioVersion = 10.0.40219.1
Project("{FAE04EC0-301F-11D3-BF4B-00C04F79EFBC}") = "LearningHubAPI", "LearningHubAPI\LearningHubAPI.csproj", "{B9BE1C27-EB39-4DA4-96B5-96FA3D4AEDCE}"
EndProject
Project("{FAE04EC0-301F-11D3-BF4B-00C04F79EFBC}") = "Data", "Data\Data.csproj", "{8B83FF1B-4780-4CD2-85C2-D991A0A78691}"
EndProject
Global
	GlobalSection(SolutionConfigurationPlatforms) = preSolution
		Debug|Any CPU = Debug|Any CPU
		Release|Any CPU = Release|Any CPU
	EndGlobalSection
	GlobalSection(ProjectConfigurationPlatforms) = postSolution
		{B9BE1C27-EB39-4DA4-96B5-96FA3D4AEDCE}.Debug|Any CPU.ActiveCfg = Debug|Any CPU
		{B9BE1C27-EB39-4DA4-96B5-96FA3D4AEDCE}.Debug|Any CPU.Build.0 = Debug|Any CPU
		{B9BE1C27-EB39-4DA4-96B5-96FA3D4AEDCE}.Release|Any CPU.ActiveCfg = Release|Any CPU
		{B9BE1C27-EB39-4DA4-96B5-96FA3D4AEDCE}.Release|Any CPU.Build.0 = Release|Any CPU
		{8B83FF1B-4780-4CD2-85C2-D991A0A78691}.Debug|Any CPU.ActiveCfg = Debug|Any CPU
		{8B83FF1B-4780-4CD2-85C2-D991A0A78691}.Debug|Any CPU.Build.0 = Debug|Any CPU
		{8B83FF1B-4780-4CD2-85C2-D991A0A78691}.Release|Any CPU.ActiveCfg = Release|Any CPU
		{8B83FF1B-4780-4CD2-85C2-D991A0A78691}.Release|Any CPU.Build.0 = Release|Any CPU
	EndGlobalSection
	GlobalSection(SolutionProperties) = preSolution
		HideSolutionNode = FALSE
	EndGlobalSection
	GlobalSection(ExtensibilityGlobals) = postSolution
		SolutionGuid = {CB14A0F0-0981-4CE2-80C1-B2E5147F5D85}
	EndGlobalSection
EndGlobal
